// !$*UTF8*$!
{
	archiveVersion = 1;
	classes = {
	};
	objectVersion = 77;
	objects = {

/* Begin PBXContainerItemProxy section */
		C7F639B62DDD7FE200CC37D9 /* PBXContainerItemProxy */ = {
			isa = PBXContainerItemProxy;
			containerPortal = C7F639A02DDD7FE100CC37D9 /* Project object */;
			proxyType = 1;
			remoteGlobalIDString = C7F639A72DDD7FE100CC37D9;
			remoteInfo = LetGo;
		};
		C7F639C02DDD7FE200CC37D9 /* PBXContainerItemProxy */ = {
			isa = PBXContainerItemProxy;
			containerPortal = C7F639A02DDD7FE100CC37D9 /* Project object */;
			proxyType = 1;
			remoteGlobalIDString = C7F639A72DDD7FE100CC37D9;
			remoteInfo = LetGo;
		};
/* End PBXContainerItemProxy section */

/* Begin PBXFileReference section */
		C7F639A82DDD7FE100CC37D9 /* LetGo.app */ = {isa = PBXFileReference; explicitFileType = wrapper.application; includeInIndex = 0; path = LetGo.app; sourceTree = BUILT_PRODUCTS_DIR; };
		C7F639B52DDD7FE200CC37D9 /* LetGoTests.xctest */ = {isa = PBXFileReference; explicitFileType = wrapper.cfbundle; includeInIndex = 0; path = LetGoTests.xctest; sourceTree = BUILT_PRODUCTS_DIR; };
		C7F639BF2DDD7FE200CC37D9 /* LetGoUITests.xctest */ = {isa = PBXFileReference; explicitFileType = wrapper.cfbundle; includeInIndex = 0; path = LetGoUITests.xctest; sourceTree = BUILT_PRODUCTS_DIR; };
/* End PBXFileReference section */

/* Begin PBXFileSystemSynchronizedRootGroup section */
		C7F639AA2DDD7FE100CC37D9 /* LetGo */ = {
			isa = PBXFileSystemSynchronizedRootGroup;
			path = LetGo;
			sourceTree = "<group>";
		};
		C7F639B82DDD7FE200CC37D9 /* LetGoTests */ = {
			isa = PBXFileSystemSynchronizedRootGroup;
			path = LetGoTests;
			sourceTree = "<group>";
		};
		C7F639C22DDD7FE200CC37D9 /* LetGoUITests */ = {
			isa = PBXFileSystemSynchronizedRootGroup;
			path = LetGoUITests;
			sourceTree = "<group>";
		};
/* End PBXFileSystemSynchronizedRootGroup section */

/* Begin PBXFrameworksBuildPhase section */
		C7F639A52DDD7FE100CC37D9 /* Frameworks */ = {
			isa = PBXFrameworksBuildPhase;
			buildActionMask = 2147483647;
			files = (
			);
			runOnlyForDeploymentPostprocessing = 0;
		};
		C7F639B22DDD7FE200CC37D9 /* Frameworks */ = {
			isa = PBXFrameworksBuildPhase;
			buildActionMask = 2147483647;
			files = (
			);
			runOnlyForDeploymentPostprocessing = 0;
		};
		C7F639BC2DDD7FE200CC37D9 /* Frameworks */ = {
			isa = PBXFrameworksBuildPhase;
			buildActionMask = 2147483647;
			files = (
			);
			runOnlyForDeploymentPostprocessing = 0;
		};
/* End PBXFrameworksBuildPhase section */

/* Begin PBXGroup section */
		C7F6399F2DDD7FE100CC37D9 = {
			isa = PBXGroup;
			children = (
				C7F639AA2DDD7FE100CC37D9 /* LetGo */,
				C7F639B82DDD7FE200CC37D9 /* LetGoTests */,
				C7F639C22DDD7FE200CC37D9 /* LetGoUITests */,
				C7F639A92DDD7FE100CC37D9 /* Products */,
			);
			sourceTree = "<group>";
		};
		C7F639A92DDD7FE100CC37D9 /* Products */ = {
			isa = PBXGroup;
			children = (
				C7F639A82DDD7FE100CC37D9 /* LetGo.app */,
				C7F639B52DDD7FE200CC37D9 /* LetGoTests.xctest */,
				C7F639BF2DDD7FE200CC37D9 /* LetGoUITests.xctest */,
			);
			name = Products;
			sourceTree = "<group>";
		};
/* End PBXGroup section */

/* Begin PBXNativeTarget section */
		C7F639A72DDD7FE100CC37D9 /* LetGo */ = {
			isa = PBXNativeTarget;
			buildConfigurationList = C7F639C92DDD7FE200CC37D9 /* Build configuration list for PBXNativeTarget "LetGo" */;
			buildPhases = (
				C7F639A42DDD7FE100CC37D9 /* Sources */,
				C7F639A52DDD7FE100CC37D9 /* Frameworks */,
				C7F639A62DDD7FE100CC37D9 /* Resources */,
			);
			buildRules = (
			);
			dependencies = (
			);
			fileSystemSynchronizedGroups = (
				C7F639AA2DDD7FE100CC37D9 /* LetGo */,
			);
			name = LetGo;
			packageProductDependencies = (
			);
			productName = LetGo;
			productReference = C7F639A82DDD7FE100CC37D9 /* LetGo.app */;
			productType = "com.apple.product-type.application";
		};
		C7F639B42DDD7FE200CC37D9 /* LetGoTests */ = {
			isa = PBXNativeTarget;
			buildConfigurationList = C7F639CC2DDD7FE200CC37D9 /* Build configuration list for PBXNativeTarget "LetGoTests" */;
			buildPhases = (
				C7F639B12DDD7FE200CC37D9 /* Sources */,
				C7F639B22DDD7FE200CC37D9 /* Frameworks */,
				C7F639B32DDD7FE200CC37D9 /* Resources */,
			);
			buildRules = (
			);
			dependencies = (
				C7F639B72DDD7FE200CC37D9 /* PBXTargetDependency */,
			);
			fileSystemSynchronizedGroups = (
				C7F639B82DDD7FE200CC37D9 /* LetGoTests */,
			);
			name = LetGoTests;
			packageProductDependencies = (
			);
			productName = LetGoTests;
			productReference = C7F639B52DDD7FE200CC37D9 /* LetGoTests.xctest */;
			productType = "com.apple.product-type.bundle.unit-test";
		};
		C7F639BE2DDD7FE200CC37D9 /* LetGoUITests */ = {
			isa = PBXNativeTarget;
			buildConfigurationList = C7F639CF2DDD7FE200CC37D9 /* Build configuration list for PBXNativeTarget "LetGoUITests" */;
			buildPhases = (
				C7F639BB2DDD7FE200CC37D9 /* Sources */,
				C7F639BC2DDD7FE200CC37D9 /* Frameworks */,
				C7F639BD2DDD7FE200CC37D9 /* Resources */,
			);
			buildRules = (
			);
			dependencies = (
				C7F639C12DDD7FE200CC37D9 /* PBXTargetDependency */,
			);
			fileSystemSynchronizedGroups = (
				C7F639C22DDD7FE200CC37D9 /* LetGoUITests */,
			);
			name = LetGoUITests;
			packageProductDependencies = (
			);
			productName = LetGoUITests;
			productReference = C7F639BF2DDD7FE200CC37D9 /* LetGoUITests.xctest */;
			productType = "com.apple.product-type.bundle.ui-testing";
		};
/* End PBXNativeTarget section */

/* Begin PBXProject section */
		C7F639A02DDD7FE100CC37D9 /* Project object */ = {
			isa = PBXProject;
			attributes = {
				BuildIndependentTargetsInParallel = 1;
				LastSwiftUpdateCheck = 1630;
				LastUpgradeCheck = 1630;
				TargetAttributes = {
					C7F639A72DDD7FE100CC37D9 = {
						CreatedOnToolsVersion = 16.3;
					};
					C7F639B42DDD7FE200CC37D9 = {
						CreatedOnToolsVersion = 16.3;
						TestTargetID = C7F639A72DDD7FE100CC37D9;
					};
					C7F639BE2DDD7FE200CC37D9 = {
						CreatedOnToolsVersion = 16.3;
						TestTargetID = C7F639A72DDD7FE100CC37D9;
					};
				};
			};
			buildConfigurationList = C7F639A32DDD7FE100CC37D9 /* Build configuration list for PBXProject "LetGo" */;
			developmentRegion = en;
			hasScannedForEncodings = 0;
			knownRegions = (
				en,
				Base,
			);
			mainGroup = C7F6399F2DDD7FE100CC37D9;
			minimizedProjectReferenceProxies = 1;
			preferredProjectObjectVersion = 77;
			productRefGroup = C7F639A92DDD7FE100CC37D9 /* Products */;
			projectDirPath = "";
			projectRoot = "";
			targets = (
				C7F639A72DDD7FE100CC37D9 /* LetGo */,
				C7F639B42DDD7FE200CC37D9 /* LetGoTests */,
				C7F639BE2DDD7FE200CC37D9 /* LetGoUITests */,
			);
		};
/* End PBXProject section */

/* Begin PBXResourcesBuildPhase section */
		C7F639A62DDD7FE100CC37D9 /* Resources */ = {
			isa = PBXResourcesBuildPhase;
			buildActionMask = 2147483647;
			files = (
			);
			runOnlyForDeploymentPostprocessing = 0;
		};
		C7F639B32DDD7FE200CC37D9 /* Resources */ = {
			isa = PBXResourcesBuildPhase;
			buildActionMask = 2147483647;
			files = (
			);
			runOnlyForDeploymentPostprocessing = 0;
		};
		C7F639BD2DDD7FE200CC37D9 /* Resources */ = {
			isa = PBXResourcesBuildPhase;
			buildActionMask = 2147483647;
			files = (
			);
			runOnlyForDeploymentPostprocessing = 0;
		};
/* End PBXResourcesBuildPhase section */

/* Begin PBXSourcesBuildPhase section */
		C7F639A42DDD7FE100CC37D9 /* Sources */ = {
			isa = PBXSourcesBuildPhase;
			buildActionMask = 2147483647;
			files = (
			);
			runOnlyForDeploymentPostprocessing = 0;
		};
		C7F639B12DDD7FE200CC37D9 /* Sources */ = {
			isa = PBXSourcesBuildPhase;
			buildActionMask = 2147483647;
			files = (
			);
			runOnlyForDeploymentPostprocessing = 0;
		};
		C7F639BB2DDD7FE200CC37D9 /* Sources */ = {
			isa = PBXSourcesBuildPhase;
			buildActionMask = 2147483647;
			files = (
			);
			runOnlyForDeploymentPostprocessing = 0;
		};
/* End PBXSourcesBuildPhase section */

/* Begin PBXTargetDependency section */
		C7F639B72DDD7FE200CC37D9 /* PBXTargetDependency */ = {
			isa = PBXTargetDependency;
			target = C7F639A72DDD7FE100CC37D9 /* LetGo */;
			targetProxy = C7F639B62DDD7FE200CC37D9 /* PBXContainerItemProxy */;
		};
		C7F639C12DDD7FE200CC37D9 /* PBXTargetDependency */ = {
			isa = PBXTargetDependency;
			target = C7F639A72DDD7FE100CC37D9 /* LetGo */;
			targetProxy = C7F639C02DDD7FE200CC37D9 /* PBXContainerItemProxy */;
		};
/* End PBXTargetDependency section */

/* Begin XCBuildConfiguration section */
		C7F639C72DDD7FE200CC37D9 /* Debug */ = {
			isa = XCBuildConfiguration;
			buildSettings = {
				ALWAYS_SEARCH_USER_PATHS = NO;
				ASSETCATALOG_COMPILER_GENERATE_SWIFT_ASSET_SYMBOL_EXTENSIONS = YES;
				CLANG_ANALYZER_NONNULL = YES;
				CLANG_ANALYZER_NUMBER_OBJECT_CONVERSION = YES_AGGRESSIVE;
				CLANG_CXX_LANGUAGE_STANDARD = "gnu++20";
				CLANG_ENABLE_MODULES = YES;
				CLANG_ENABLE_OBJC_ARC = YES;
				CLANG_ENABLE_OBJC_WEAK = YES;
				CLANG_WARN_BLOCK_CAPTURE_AUTORELEASING = YES;
				CLANG_WARN_BOOL_CONVERSION = YES;
				CLANG_WARN_COMMA = YES;
				CLANG_WARN_CONSTANT_CONVERSION = YES;
				CLANG_WARN_DEPRECATED_OBJC_IMPLEMENTATIONS = YES;
				CLANG_WARN_DIRECT_OBJC_ISA_USAGE = YES_ERROR;
				CLANG_WARN_DOCUMENTATION_COMMENTS = YES;
				CLANG_WARN_EMPTY_BODY = YES;
				CLANG_WARN_ENUM_CONVERSION = YES;
				CLANG_WARN_INFINITE_RECURSION = YES;
				CLANG_WARN_INT_CONVERSION = YES;
				CLANG_WARN_NON_LITERAL_NULL_CONVERSION = YES;
				CLANG_WARN_OBJC_IMPLICIT_RETAIN_SELF = YES;
				CLANG_WARN_OBJC_LITERAL_CONVERSION = YES;
				CLANG_WARN_OBJC_ROOT_CLASS = YES_ERROR;
				CLANG_WARN_QUOTED_INCLUDE_IN_FRAMEWORK_HEADER = YES;
				CLANG_WARN_RANGE_LOOP_ANALYSIS = YES;
				CLANG_WARN_STRICT_PROTOTYPES = YES;
				CLANG_WARN_SUSPICIOUS_MOVE = YES;
				CLANG_WARN_UNGUARDED_AVAILABILITY = YES_AGGRESSIVE;
				CLANG_WARN_UNREACHABLE_CODE = YES;
				CLANG_WARN__DUPLICATE_METHOD_MATCH = YES;
				COPY_PHASE_STRIP = NO;
				DEBUG_INFORMATION_FORMAT = dwarf;
				DEVELOPMENT_TEAM = RP5GZ99V95;
				ENABLE_STRICT_OBJC_MSGSEND = YES;
				ENABLE_TESTABILITY = YES;
				ENABLE_USER_SCRIPT_SANDBOXING = YES;
				GCC_C_LANGUAGE_STANDARD = gnu17;
				GCC_DYNAMIC_NO_PIC = NO;
				GCC_NO_COMMON_BLOCKS = YES;
				GCC_OPTIMIZATION_LEVEL = 0;
				GCC_PREPROCESSOR_DEFINITIONS = (
					"DEBUG=1",
					"$(inherited)",
				);
				GCC_WARN_64_TO_32_BIT_CONVERSION = YES;
				GCC_WARN_ABOUT_RETURN_TYPE = YES_ERROR;
				GCC_WARN_UNDECLARED_SELECTOR = YES;
				GCC_WARN_UNINITIALIZED_AUTOS = YES_AGGRESSIVE;
				GCC_WARN_UNUSED_FUNCTION = YES;
				GCC_WARN_UNUSED_VARIABLE = YES;
				IPHONEOS_DEPLOYMENT_TARGET = 18.4;
				LOCALIZATION_PREFERS_STRING_CATALOGS = YES;
				MTL_ENABLE_DEBUG_INFO = INCLUDE_SOURCE;
				MTL_FAST_MATH = YES;
				ONLY_ACTIVE_ARCH = YES;
				SDKROOT = iphoneos;
				SWIFT_ACTIVE_COMPILATION_CONDITIONS = "DEBUG $(inherited)";
				SWIFT_OPTIMIZATION_LEVEL = "-Onone";
			};
			name = Debug;
		};
		C7F639C82DDD7FE200CC37D9 /* Release */ = {
			isa = XCBuildConfiguration;
			buildSettings = {
				ALWAYS_SEARCH_USER_PATHS = NO;
				ASSETCATALOG_COMPILER_GENERATE_SWIFT_ASSET_SYMBOL_EXTENSIONS = YES;
				CLANG_ANALYZER_NONNULL = YES;
				CLANG_ANALYZER_NUMBER_OBJECT_CONVERSION = YES_AGGRESSIVE;
				CLANG_CXX_LANGUAGE_STANDARD = "gnu++20";
				CLANG_ENABLE_MODULES = YES;
				CLANG_ENABLE_OBJC_ARC = YES;
				CLANG_ENABLE_OBJC_WEAK = YES;
				CLANG_WARN_BLOCK_CAPTURE_AUTORELEASING = YES;
				CLANG_WARN_BOOL_CONVERSION = YES;
				CLANG_WARN_COMMA = YES;
				CLANG_WARN_CONSTANT_CONVERSION = YES;
				CLANG_WARN_DEPRECATED_OBJC_IMPLEMENTATIONS = YES;
				CLANG_WARN_DIRECT_OBJC_ISA_USAGE = YES_ERROR;
				CLANG_WARN_DOCUMENTATION_COMMENTS = YES;
				CLANG_WARN_EMPTY_BODY = YES;
				CLANG_WARN_ENUM_CONVERSION = YES;
				CLANG_WARN_INFINITE_RECURSION = YES;
				CLANG_WARN_INT_CONVERSION = YES;
				CLANG_WARN_NON_LITERAL_NULL_CONVERSION = YES;
				CLANG_WARN_OBJC_IMPLICIT_RETAIN_SELF = YES;
				CLANG_WARN_OBJC_LITERAL_CONVERSION = YES;
				CLANG_WARN_OBJC_ROOT_CLASS = YES_ERROR;
				CLANG_WARN_QUOTED_INCLUDE_IN_FRAMEWORK_HEADER = YES;
				CLANG_WARN_RANGE_LOOP_ANALYSIS = YES;
				CLANG_WARN_STRICT_PROTOTYPES = YES;
				CLANG_WARN_SUSPICIOUS_MOVE = YES;
				CLANG_WARN_UNGUARDED_AVAILABILITY = YES_AGGRESSIVE;
				CLANG_WARN_UNREACHABLE_CODE = YES;
				CLANG_WARN__DUPLICATE_METHOD_MATCH = YES;
				COPY_PHASE_STRIP = NO;
				DEBUG_INFORMATION_FORMAT = "dwarf-with-dsym";
				DEVELOPMENT_TEAM = RP5GZ99V95;
				ENABLE_NS_ASSERTIONS = NO;
				ENABLE_STRICT_OBJC_MSGSEND = YES;
				ENABLE_USER_SCRIPT_SANDBOXING = YES;
				GCC_C_LANGUAGE_STANDARD = gnu17;
				GCC_NO_COMMON_BLOCKS = YES;
				GCC_WARN_64_TO_32_BIT_CONVERSION = YES;
				GCC_WARN_ABOUT_RETURN_TYPE = YES_ERROR;
				GCC_WARN_UNDECLARED_SELECTOR = YES;
				GCC_WARN_UNINITIALIZED_AUTOS = YES_AGGRESSIVE;
				GCC_WARN_UNUSED_FUNCTION = YES;
				GCC_WARN_UNUSED_VARIABLE = YES;
				IPHONEOS_DEPLOYMENT_TARGET = 18.4;
				LOCALIZATION_PREFERS_STRING_CATALOGS = YES;
				MTL_ENABLE_DEBUG_INFO = NO;
				MTL_FAST_MATH = YES;
				SDKROOT = iphoneos;
				SWIFT_COMPILATION_MODE = wholemodule;
				VALIDATE_PRODUCT = YES;
			};
			name = Release;
		};
		C7F639CA2DDD7FE200CC37D9 /* Debug */ = {
			isa = XCBuildConfiguration;
			buildSettings = {
				ASSETCATALOG_COMPILER_APPICON_NAME = AppIcon;
				ASSETCATALOG_COMPILER_GLOBAL_ACCENT_COLOR_NAME = AccentColor;
				CODE_SIGN_STYLE = Automatic;
				CURRENT_PROJECT_VERSION = 1;
				DEVELOPMENT_TEAM = RP5GZ99V95;
				ENABLE_PREVIEWS = YES;
				GENERATE_INFOPLIST_FILE = YES;
				INFOPLIST_KEY_LSApplicationCategoryType = "public.app-category.productivity";
				INFOPLIST_KEY_UIApplicationSceneManifest_Generation = YES;
				INFOPLIST_KEY_UIApplicationSupportsIndirectInputEvents = YES;
				INFOPLIST_KEY_UILaunchScreen_Generation = YES;
				INFOPLIST_KEY_UISupportedInterfaceOrientations = UIInterfaceOrientationPortrait;
				INFOPLIST_KEY_UISupportedInterfaceOrientations_iPad = "UIInterfaceOrientationLandscapeLeft UIInterfaceOrientationLandscapeRight UIInterfaceOrientationPortrait UIInterfaceOrientationPortraitUpsideDown";
				LD_RUNPATH_SEARCH_PATHS = (
					"$(inherited)",
					"@executable_path/Frameworks",
				);
				MARKETING_VERSION = 1.0;
				PRODUCT_BUNDLE_IDENTIFIER = com.gojaehyun.LetGo;
				PRODUCT_NAME = "$(TARGET_NAME)";
				SWIFT_EMIT_LOC_STRINGS = YES;
				SWIFT_VERSION = 5.0;
				TARGETED_DEVICE_FAMILY = "1,2";
			};
			name = Debug;
		};
		C7F639CB2DDD7FE200CC37D9 /* Release */ = {
			isa = XCBuildConfiguration;
			buildSettings = {
				ASSETCATALOG_COMPILER_APPICON_NAME = AppIcon;
				ASSETCATALOG_COMPILER_GLOBAL_ACCENT_COLOR_NAME = AccentColor;
				CODE_SIGN_STYLE = Automatic;
				CURRENT_PROJECT_VERSION = 1;
				DEVELOPMENT_TEAM = RP5GZ99V95;
				ENABLE_PREVIEWS = YES;
				GENERATE_INFOPLIST_FILE = YES;
				INFOPLIST_KEY_LSApplicationCategoryType = "public.app-category.productivity";
				INFOPLIST_KEY_UIApplicationSceneManifest_Generation = YES;
				INFOPLIST_KEY_UIApplicationSupportsIndirectInputEvents = YES;
				INFOPLIST_KEY_UILaunchScreen_Generation = YES;
				INFOPLIST_KEY_UISupportedInterfaceOrientations = UIInterfaceOrientationPortrait;
				INFOPLIST_KEY_UISupportedInterfaceOrientations_iPad = "UIInterfaceOrientationLandscapeLeft UIInterfaceOrientationLandscapeRight UIInterfaceOrientationPortrait UIInterfaceOrientationPortraitUpsideDown";
				LD_RUNPATH_SEARCH_PATHS = (
					"$(inherited)",
					"@executable_path/Frameworks",
				);
				MARKETING_VERSION = 1.0;
				PRODUCT_BUNDLE_IDENTIFIER = com.gojaehyun.LetGo;
				PRODUCT_NAME = "$(TARGET_NAME)";
				SWIFT_EMIT_LOC_STRINGS = YES;
				SWIFT_VERSION = 5.0;
				TARGETED_DEVICE_FAMILY = "1,2";
			};
			name = Release;
		};
		C7F639CD2DDD7FE200CC37D9 /* Debug */ = {
			isa = XCBuildConfiguration;
			buildSettings = {
				BUNDLE_LOADER = "$(TEST_HOST)";
				CODE_SIGN_STYLE = Automatic;
				CURRENT_PROJECT_VERSION = 1;
				DEVELOPMENT_TEAM = RP5GZ99V95;
				GENERATE_INFOPLIST_FILE = YES;
				IPHONEOS_DEPLOYMENT_TARGET = 18.4;
				MARKETING_VERSION = 1.0;
				PRODUCT_BUNDLE_IDENTIFIER = com.gojaehyun.LetGoTests;
				PRODUCT_NAME = "$(TARGET_NAME)";
				SWIFT_EMIT_LOC_STRINGS = NO;
				SWIFT_VERSION = 5.0;
				TARGETED_DEVICE_FAMILY = "1,2";
				TEST_HOST = "$(BUILT_PRODUCTS_DIR)/LetGo.app/$(BUNDLE_EXECUTABLE_FOLDER_PATH)/LetGo";
			};
			name = Debug;
		};
		C7F639CE2DDD7FE200CC37D9 /* Release */ = {
			isa = XCBuildConfiguration;
			buildSettings = {
				BUNDLE_LOADER = "$(TEST_HOST)";
				CODE_SIGN_STYLE = Automatic;
				CURRENT_PROJECT_VERSION = 1;
				DEVELOPMENT_TEAM = RP5GZ99V95;
				GENERATE_INFOPLIST_FILE = YES;
				IPHONEOS_DEPLOYMENT_TARGET = 18.4;
				MARKETING_VERSION = 1.0;
				PRODUCT_BUNDLE_IDENTIFIER = com.gojaehyun.LetGoTests;
				PRODUCT_NAME = "$(TARGET_NAME)";
				SWIFT_EMIT_LOC_STRINGS = NO;
				SWIFT_VERSION = 5.0;
				TARGETED_DEVICE_FAMILY = "1,2";
				TEST_HOST = "$(BUILT_PRODUCTS_DIR)/LetGo.app/$(BUNDLE_EXECUTABLE_FOLDER_PATH)/LetGo";
			};
			name = Release;
		};
		C7F639D02DDD7FE200CC37D9 /* Debug */ = {
			isa = XCBuildConfiguration;
			buildSettings = {
				CODE_SIGN_STYLE = Automatic;
				CURRENT_PROJECT_VERSION = 1;
				DEVELOPMENT_TEAM = RP5GZ99V95;
				GENERATE_INFOPLIST_FILE = YES;
				MARKETING_VERSION = 1.0;
				PRODUCT_BUNDLE_IDENTIFIER = com.gojaehyun.LetGoUITests;
				PRODUCT_NAME = "$(TARGET_NAME)";
				SWIFT_EMIT_LOC_STRINGS = NO;
				SWIFT_VERSION = 5.0;
				TARGETED_DEVICE_FAMILY = "1,2";
				TEST_TARGET_NAME = LetGo;
			};
			name = Debug;
		};
		C7F639D12DDD7FE200CC37D9 /* Release */ = {
			isa = XCBuildConfiguration;
			buildSettings = {
				CODE_SIGN_STYLE = Automatic;
				CURRENT_PROJECT_VERSION = 1;
				DEVELOPMENT_TEAM = RP5GZ99V95;
				GENERATE_INFOPLIST_FILE = YES;
				MARKETING_VERSION = 1.0;
				PRODUCT_BUNDLE_IDENTIFIER = com.gojaehyun.LetGoUITests;
				PRODUCT_NAME = "$(TARGET_NAME)";
				SWIFT_EMIT_LOC_STRINGS = NO;
				SWIFT_VERSION = 5.0;
				TARGETED_DEVICE_FAMILY = "1,2";
				TEST_TARGET_NAME = LetGo;
			};
			name = Release;
		};
/* End XCBuildConfiguration section */

/* Begin XCConfigurationList section */
		C7F639A32DDD7FE100CC37D9 /* Build configuration list for PBXProject "LetGo" */ = {
			isa = XCConfigurationList;
			buildConfigurations = (
				C7F639C72DDD7FE200CC37D9 /* Debug */,
				C7F639C82DDD7FE200CC37D9 /* Release */,
			);
			defaultConfigurationIsVisible = 0;
			defaultConfigurationName = Release;
		};
		C7F639C92DDD7FE200CC37D9 /* Build configuration list for PBXNativeTarget "LetGo" */ = {
			isa = XCConfigurationList;
			buildConfigurations = (
				C7F639CA2DDD7FE200CC37D9 /* Debug */,
				C7F639CB2DDD7FE200CC37D9 /* Release */,
			);
			defaultConfigurationIsVisible = 0;
			defaultConfigurationName = Release;
		};
		C7F639CC2DDD7FE200CC37D9 /* Build configuration list for PBXNativeTarget "LetGoTests" */ = {
			isa = XCConfigurationList;
			buildConfigurations = (
				C7F639CD2DDD7FE200CC37D9 /* Debug */,
				C7F639CE2DDD7FE200CC37D9 /* Release */,
			);
			defaultConfigurationIsVisible = 0;
			defaultConfigurationName = Release;
		};
		C7F639CF2DDD7FE200CC37D9 /* Build configuration list for PBXNativeTarget "LetGoUITests" */ = {
			isa = XCConfigurationList;
			buildConfigurations = (
				C7F639D02DDD7FE200CC37D9 /* Debug */,
				C7F639D12DDD7FE200CC37D9 /* Release */,
			);
			defaultConfigurationIsVisible = 0;
			defaultConfigurationName = Release;
		};
/* End XCConfigurationList section */
	};
	rootObject = C7F639A02DDD7FE100CC37D9 /* Project object */;
}
